// !$*UTF8*$!
{
	archiveVersion = 1;
	classes = {
	};
	objectVersion = 56;
	objects = {

/* Begin PBXBuildFile section */
		F636CC692923287300879E1F /* RecordButton.swift in Sources */ = {isa = PBXBuildFile; fileRef = F636CC682923287300879E1F /* RecordButton.swift */; };
		F6BEC935290F5894005EAF28 /* DailyApp.swift in Sources */ = {isa = PBXBuildFile; fileRef = F6BEC934290F5894005EAF28 /* DailyApp.swift */; };
		F6BEC939290F5895005EAF28 /* Assets.xcassets in Resources */ = {isa = PBXBuildFile; fileRef = F6BEC938290F5895005EAF28 /* Assets.xcassets */; };
		F6BEC93D290F5895005EAF28 /* Preview Assets.xcassets in Resources */ = {isa = PBXBuildFile; fileRef = F6BEC93C290F5895005EAF28 /* Preview Assets.xcassets */; };
		F6C0F7F129125AF500984457 /* InitView.swift in Sources */ = {isa = PBXBuildFile; fileRef = F6C0F7F029125AF500984457 /* InitView.swift */; };
		F6C0F7F3291682F200984457 /* MainView.swift in Sources */ = {isa = PBXBuildFile; fileRef = F6C0F7F2291682F200984457 /* MainView.swift */; };
		F6C0F7FB2917DDB600984457 /* Calendar_Year.swift in Sources */ = {isa = PBXBuildFile; fileRef = F6C0F7FA2917DDB600984457 /* Calendar_Year.swift */; };
		F6C0F7FD2917DDFD00984457 /* Calendar_Month.swift in Sources */ = {isa = PBXBuildFile; fileRef = F6C0F7FC2917DDFD00984457 /* Calendar_Month.swift */; };
		F6C0F7FF2917E91F00984457 /* Calendar_Week&Day.swift in Sources */ = {isa = PBXBuildFile; fileRef = F6C0F7FE2917E91F00984457 /* Calendar_Week&Day.swift */; };
		F6C0F8012919007500984457 /* DateFormatter.swift in Sources */ = {isa = PBXBuildFile; fileRef = F6C0F8002919007500984457 /* DateFormatter.swift */; };
		F6C0F8052919044100984457 /* AddGoalButton.swift in Sources */ = {isa = PBXBuildFile; fileRef = F6C0F8042919044100984457 /* AddGoalButton.swift */; };
		F6C0F807291A501400984457 /* MainHeader.swift in Sources */ = {isa = PBXBuildFile; fileRef = F6C0F806291A501400984457 /* MainHeader.swift */; };
		F6C0F809291A50B300984457 /* ShowMenuButton.swift in Sources */ = {isa = PBXBuildFile; fileRef = F6C0F808291A50B300984457 /* ShowMenuButton.swift */; };
		F6C0F80B291A562300984457 /* MainCalendar.swift in Sources */ = {isa = PBXBuildFile; fileRef = F6C0F80A291A562300984457 /* MainCalendar.swift */; };
		F6C0F80F291A585B00984457 /* Calendar.swift in Sources */ = {isa = PBXBuildFile; fileRef = F6C0F80E291A585B00984457 /* Calendar.swift */; };
		F6C0F813291BFC9300984457 /* CustomDivider.swift in Sources */ = {isa = PBXBuildFile; fileRef = F6C0F812291BFC9300984457 /* CustomDivider.swift */; };
		F6C0F819291C873200984457 /* Week.swift in Sources */ = {isa = PBXBuildFile; fileRef = F6C0F818291C873200984457 /* Week.swift */; };
		F6C0F81D291CBC1500984457 /* UserInfo.swift in Sources */ = {isa = PBXBuildFile; fileRef = F6C0F81C291CBC1500984457 /* UserInfo.swift */; };
		F6C0F821291CCCEA00984457 /* DayOnMonth.swift in Sources */ = {isa = PBXBuildFile; fileRef = F6C0F820291CCCEA00984457 /* DayOnMonth.swift */; };
		F6C2F21E2921F9AD0006BFC7 /* MonthOnYear.swift in Sources */ = {isa = PBXBuildFile; fileRef = F6C2F21D2921F9AD0006BFC7 /* MonthOnYear.swift */; };
		F6C2F2202921FAE70006BFC7 /* Month.swift in Sources */ = {isa = PBXBuildFile; fileRef = F6C2F21F2921FAE70006BFC7 /* Month.swift */; };
		F6C2F22229221C410006BFC7 /* GoalOnList.swift in Sources */ = {isa = PBXBuildFile; fileRef = F6C2F22129221C410006BFC7 /* GoalOnList.swift */; };
		F6C2F22429221EAC0006BFC7 /* Goal.swift in Sources */ = {isa = PBXBuildFile; fileRef = F6C2F22329221EAC0006BFC7 /* Goal.swift */; };
		F6D06236292346EE00B825EF /* AddGoalPopup.swift in Sources */ = {isa = PBXBuildFile; fileRef = F6D06235292346EE00B825EF /* AddGoalPopup.swift */; };
		F6D0623829234C2E00B825EF /* PopupInfo.swift in Sources */ = {isa = PBXBuildFile; fileRef = F6D0623729234C2E00B825EF /* PopupInfo.swift */; };
		F6D0623A2923566400B825EF /* RightSideMenu.swift in Sources */ = {isa = PBXBuildFile; fileRef = F6D062392923566400B825EF /* RightSideMenu.swift */; };
		F6D0623C2924700C00B825EF /* PopupDim.swift in Sources */ = {isa = PBXBuildFile; fileRef = F6D0623B2924700C00B825EF /* PopupDim.swift */; };
		F6D0623E2925ACDA00B825EF /* WeekIndicator.swift in Sources */ = {isa = PBXBuildFile; fileRef = F6D0623D2925ACDA00B825EF /* WeekIndicator.swift */; };
		F6D062402925B45100B825EF /* ClosePopupHStack.swift in Sources */ = {isa = PBXBuildFile; fileRef = F6D0623F2925B45100B825EF /* ClosePopupHStack.swift */; };
		F6D062422925B6A800B825EF /* GoalPrimeElementSetting.swift in Sources */ = {isa = PBXBuildFile; fileRef = F6D062412925B6A800B825EF /* GoalPrimeElementSetting.swift */; };
		F6D062442925B71500B825EF /* GoalDateOrRepeatSetting.swift in Sources */ = {isa = PBXBuildFile; fileRef = F6D062432925B71500B825EF /* GoalDateOrRepeatSetting.swift */; };
		F6D062462925B77A00B825EF /* GoalCountOrTimeSetting.swift in Sources */ = {isa = PBXBuildFile; fileRef = F6D062452925B77A00B825EF /* GoalCountOrTimeSetting.swift */; };
		F6D0624B2927B58B00B825EF /* Times.swift in Sources */ = {isa = PBXBuildFile; fileRef = F6D0624A2927B58B00B825EF /* Times.swift */; };
		F6D0624E292DF0F200B825EF /* WeekOnMonth.swift in Sources */ = {isa = PBXBuildFile; fileRef = F6D0624D292DF0F200B825EF /* WeekOnMonth.swift */; };
		F6D06250292E02CA00B825EF /* Popup.swift in Sources */ = {isa = PBXBuildFile; fileRef = F6D0624F292E02CA00B825EF /* Popup.swift */; };
		F6D062552930BFC800B825EF /* MenuOnList.swift in Sources */ = {isa = PBXBuildFile; fileRef = F6D062542930BFC800B825EF /* MenuOnList.swift */; };
		F6D062572930BFFF00B825EF /* Menu.swift in Sources */ = {isa = PBXBuildFile; fileRef = F6D062562930BFFF00B825EF /* Menu.swift */; };
/* End PBXBuildFile section */

/* Begin PBXFileReference section */
		F636CC682923287300879E1F /* RecordButton.swift */ = {isa = PBXFileReference; lastKnownFileType = sourcecode.swift; path = RecordButton.swift; sourceTree = "<group>"; };
		F6BEC931290F5894005EAF28 /* Daily.app */ = {isa = PBXFileReference; explicitFileType = wrapper.application; includeInIndex = 0; path = Daily.app; sourceTree = BUILT_PRODUCTS_DIR; };
		F6BEC934290F5894005EAF28 /* DailyApp.swift */ = {isa = PBXFileReference; lastKnownFileType = sourcecode.swift; path = DailyApp.swift; sourceTree = "<group>"; };
		F6BEC938290F5895005EAF28 /* Assets.xcassets */ = {isa = PBXFileReference; lastKnownFileType = folder.assetcatalog; path = Assets.xcassets; sourceTree = "<group>"; };
		F6BEC93A290F5895005EAF28 /* Daily.entitlements */ = {isa = PBXFileReference; lastKnownFileType = text.plist.entitlements; path = Daily.entitlements; sourceTree = "<group>"; };
		F6BEC93C290F5895005EAF28 /* Preview Assets.xcassets */ = {isa = PBXFileReference; lastKnownFileType = folder.assetcatalog; path = "Preview Assets.xcassets"; sourceTree = "<group>"; };
		F6C0F7F029125AF500984457 /* InitView.swift */ = {isa = PBXFileReference; lastKnownFileType = sourcecode.swift; path = InitView.swift; sourceTree = "<group>"; };
		F6C0F7F2291682F200984457 /* MainView.swift */ = {isa = PBXFileReference; lastKnownFileType = sourcecode.swift; path = MainView.swift; sourceTree = "<group>"; };
		F6C0F7FA2917DDB600984457 /* Calendar_Year.swift */ = {isa = PBXFileReference; lastKnownFileType = sourcecode.swift; path = Calendar_Year.swift; sourceTree = "<group>"; };
		F6C0F7FC2917DDFD00984457 /* Calendar_Month.swift */ = {isa = PBXFileReference; lastKnownFileType = sourcecode.swift; path = Calendar_Month.swift; sourceTree = "<group>"; };
		F6C0F7FE2917E91F00984457 /* Calendar_Week&Day.swift */ = {isa = PBXFileReference; lastKnownFileType = sourcecode.swift; path = "Calendar_Week&Day.swift"; sourceTree = "<group>"; };
		F6C0F8002919007500984457 /* DateFormatter.swift */ = {isa = PBXFileReference; lastKnownFileType = sourcecode.swift; path = DateFormatter.swift; sourceTree = "<group>"; };
		F6C0F8042919044100984457 /* AddGoalButton.swift */ = {isa = PBXFileReference; lastKnownFileType = sourcecode.swift; path = AddGoalButton.swift; sourceTree = "<group>"; };
		F6C0F806291A501400984457 /* MainHeader.swift */ = {isa = PBXFileReference; lastKnownFileType = sourcecode.swift; path = MainHeader.swift; sourceTree = "<group>"; };
		F6C0F808291A50B300984457 /* ShowMenuButton.swift */ = {isa = PBXFileReference; lastKnownFileType = sourcecode.swift; path = ShowMenuButton.swift; sourceTree = "<group>"; };
		F6C0F80A291A562300984457 /* MainCalendar.swift */ = {isa = PBXFileReference; lastKnownFileType = sourcecode.swift; path = MainCalendar.swift; sourceTree = "<group>"; };
		F6C0F80E291A585B00984457 /* Calendar.swift */ = {isa = PBXFileReference; lastKnownFileType = sourcecode.swift; path = Calendar.swift; sourceTree = "<group>"; };
		F6C0F812291BFC9300984457 /* CustomDivider.swift */ = {isa = PBXFileReference; lastKnownFileType = sourcecode.swift; path = CustomDivider.swift; sourceTree = "<group>"; };
		F6C0F818291C873200984457 /* Week.swift */ = {isa = PBXFileReference; lastKnownFileType = sourcecode.swift; path = Week.swift; sourceTree = "<group>"; };
		F6C0F81C291CBC1500984457 /* UserInfo.swift */ = {isa = PBXFileReference; lastKnownFileType = sourcecode.swift; path = UserInfo.swift; sourceTree = "<group>"; };
		F6C0F820291CCCEA00984457 /* DayOnMonth.swift */ = {isa = PBXFileReference; lastKnownFileType = sourcecode.swift; path = DayOnMonth.swift; sourceTree = "<group>"; };
		F6C2F21D2921F9AD0006BFC7 /* MonthOnYear.swift */ = {isa = PBXFileReference; lastKnownFileType = sourcecode.swift; path = MonthOnYear.swift; sourceTree = "<group>"; };
		F6C2F21F2921FAE70006BFC7 /* Month.swift */ = {isa = PBXFileReference; lastKnownFileType = sourcecode.swift; path = Month.swift; sourceTree = "<group>"; };
		F6C2F22129221C410006BFC7 /* GoalOnList.swift */ = {isa = PBXFileReference; lastKnownFileType = sourcecode.swift; path = GoalOnList.swift; sourceTree = "<group>"; };
		F6C2F22329221EAC0006BFC7 /* Goal.swift */ = {isa = PBXFileReference; lastKnownFileType = sourcecode.swift; path = Goal.swift; sourceTree = "<group>"; };
		F6D06235292346EE00B825EF /* AddGoalPopup.swift */ = {isa = PBXFileReference; lastKnownFileType = sourcecode.swift; path = AddGoalPopup.swift; sourceTree = "<group>"; };
		F6D0623729234C2E00B825EF /* PopupInfo.swift */ = {isa = PBXFileReference; lastKnownFileType = sourcecode.swift; path = PopupInfo.swift; sourceTree = "<group>"; };
		F6D062392923566400B825EF /* RightSideMenu.swift */ = {isa = PBXFileReference; lastKnownFileType = sourcecode.swift; path = RightSideMenu.swift; sourceTree = "<group>"; };
		F6D0623B2924700C00B825EF /* PopupDim.swift */ = {isa = PBXFileReference; lastKnownFileType = sourcecode.swift; path = PopupDim.swift; sourceTree = "<group>"; };
		F6D0623D2925ACDA00B825EF /* WeekIndicator.swift */ = {isa = PBXFileReference; lastKnownFileType = sourcecode.swift; path = WeekIndicator.swift; sourceTree = "<group>"; };
		F6D0623F2925B45100B825EF /* ClosePopupHStack.swift */ = {isa = PBXFileReference; lastKnownFileType = sourcecode.swift; path = ClosePopupHStack.swift; sourceTree = "<group>"; };
		F6D062412925B6A800B825EF /* GoalPrimeElementSetting.swift */ = {isa = PBXFileReference; lastKnownFileType = sourcecode.swift; path = GoalPrimeElementSetting.swift; sourceTree = "<group>"; };
		F6D062432925B71500B825EF /* GoalDateOrRepeatSetting.swift */ = {isa = PBXFileReference; lastKnownFileType = sourcecode.swift; path = GoalDateOrRepeatSetting.swift; sourceTree = "<group>"; };
		F6D062452925B77A00B825EF /* GoalCountOrTimeSetting.swift */ = {isa = PBXFileReference; lastKnownFileType = sourcecode.swift; path = GoalCountOrTimeSetting.swift; sourceTree = "<group>"; };
		F6D0624A2927B58B00B825EF /* Times.swift */ = {isa = PBXFileReference; lastKnownFileType = sourcecode.swift; path = Times.swift; sourceTree = "<group>"; };
		F6D0624D292DF0F200B825EF /* WeekOnMonth.swift */ = {isa = PBXFileReference; lastKnownFileType = sourcecode.swift; path = WeekOnMonth.swift; sourceTree = "<group>"; };
		F6D0624F292E02CA00B825EF /* Popup.swift */ = {isa = PBXFileReference; lastKnownFileType = sourcecode.swift; path = Popup.swift; sourceTree = "<group>"; };
		F6D062542930BFC800B825EF /* MenuOnList.swift */ = {isa = PBXFileReference; lastKnownFileType = sourcecode.swift; path = MenuOnList.swift; sourceTree = "<group>"; };
		F6D062562930BFFF00B825EF /* Menu.swift */ = {isa = PBXFileReference; lastKnownFileType = sourcecode.swift; path = Menu.swift; sourceTree = "<group>"; };
/* End PBXFileReference section */

/* Begin PBXFrameworksBuildPhase section */
		F6BEC92E290F5894005EAF28 /* Frameworks */ = {
			isa = PBXFrameworksBuildPhase;
			buildActionMask = 2147483647;
			files = (
			);
			runOnlyForDeploymentPostprocessing = 0;
		};
/* End PBXFrameworksBuildPhase section */

/* Begin PBXGroup section */
		F637807929109AF000356212 /* Model */ = {
			isa = PBXGroup;
			children = (
				F6C0F80E291A585B00984457 /* Calendar.swift */,
				F6C0F8002919007500984457 /* DateFormatter.swift */,
				F6C2F22329221EAC0006BFC7 /* Goal.swift */,
				F6C2F21F2921FAE70006BFC7 /* Month.swift */,
				F6D0623729234C2E00B825EF /* PopupInfo.swift */,
				F6D0624A2927B58B00B825EF /* Times.swift */,
				F6C0F81C291CBC1500984457 /* UserInfo.swift */,
				F6C0F818291C873200984457 /* Week.swift */,
				F6D062562930BFFF00B825EF /* Menu.swift */,
			);
			path = Model;
			sourceTree = "<group>";
		};
		F6396025290F8A7F007088FF /* View */ = {
			isa = PBXGroup;
			children = (
				F6C0F7F029125AF500984457 /* InitView.swift */,
				F6C0F80C291A569900984457 /* MainCalendar */,
				F6C0F80A291A562300984457 /* MainCalendar.swift */,
				F6C0F806291A501400984457 /* MainHeader.swift */,
				F6C0F7F2291682F200984457 /* MainView.swift */,
				F6D06234292346D800B825EF /* Popup */,
				F6D0624F292E02CA00B825EF /* Popup.swift */,
			);
			path = View;
			sourceTree = "<group>";
		};
		F6BEC928290F5894005EAF28 = {
			isa = PBXGroup;
			children = (
				F6C0F8032919042B00984457 /* Component */,
				F6BEC933290F5894005EAF28 /* Daily */,
				F637807929109AF000356212 /* Model */,
				F6BEC932290F5894005EAF28 /* Products */,
				F6396025290F8A7F007088FF /* View */,
			);
			sourceTree = "<group>";
		};
		F6BEC932290F5894005EAF28 /* Products */ = {
			isa = PBXGroup;
			children = (
				F6BEC931290F5894005EAF28 /* Daily.app */,
			);
			name = Products;
			sourceTree = "<group>";
		};
		F6BEC933290F5894005EAF28 /* Daily */ = {
			isa = PBXGroup;
			children = (
				F6BEC934290F5894005EAF28 /* DailyApp.swift */,
				F6BEC938290F5895005EAF28 /* Assets.xcassets */,
				F6BEC93A290F5895005EAF28 /* Daily.entitlements */,
				F6BEC93B290F5895005EAF28 /* Preview Content */,
			);
			path = Daily;
			sourceTree = "<group>";
		};
		F6BEC93B290F5895005EAF28 /* Preview Content */ = {
			isa = PBXGroup;
			children = (
				F6BEC93C290F5895005EAF28 /* Preview Assets.xcassets */,
			);
			path = "Preview Content";
			sourceTree = "<group>";
		};
		F6C0F8032919042B00984457 /* Component */ = {
			isa = PBXGroup;
			children = (
				F6D062532930BFBE00B825EF /* Menu */,
				F6D06252292F56AD00B825EF /* Goal */,
				F6D06251292F567900B825EF /* MainCalendar */,
				F6D062472925B7EE00B825EF /* AddGoalPopup */,
				F6D062492925B84B00B825EF /* Custom */,
				F6D062482925B83700B825EF /* Popup */,
			);
			path = Component;
			sourceTree = "<group>";
		};
		F6C0F80C291A569900984457 /* MainCalendar */ = {
			isa = PBXGroup;
			children = (
				F6C0F7FA2917DDB600984457 /* Calendar_Year.swift */,
				F6C0F7FC2917DDFD00984457 /* Calendar_Month.swift */,
				F6C0F7FE2917E91F00984457 /* Calendar_Week&Day.swift */,
			);
			path = MainCalendar;
			sourceTree = "<group>";
		};
		F6D06234292346D800B825EF /* Popup */ = {
			isa = PBXGroup;
			children = (
				F6D06235292346EE00B825EF /* AddGoalPopup.swift */,
				F6D062392923566400B825EF /* RightSideMenu.swift */,
				F6D0623B2924700C00B825EF /* PopupDim.swift */,
			);
			path = Popup;
			sourceTree = "<group>";
		};
		F6D062472925B7EE00B825EF /* AddGoalPopup */ = {
			isa = PBXGroup;
			children = (
				F6D0623F2925B45100B825EF /* ClosePopupHStack.swift */,
				F6D062452925B77A00B825EF /* GoalCountOrTimeSetting.swift */,
				F6D062432925B71500B825EF /* GoalDateOrRepeatSetting.swift */,
				F6D062412925B6A800B825EF /* GoalPrimeElementSetting.swift */,
			);
			path = AddGoalPopup;
			sourceTree = "<group>";
		};
		F6D062482925B83700B825EF /* Popup */ = {
			isa = PBXGroup;
			children = (
				F6C0F8042919044100984457 /* AddGoalButton.swift */,
				F6C0F808291A50B300984457 /* ShowMenuButton.swift */,
			);
			path = Popup;
			sourceTree = "<group>";
		};
		F6D062492925B84B00B825EF /* Custom */ = {
			isa = PBXGroup;
			children = (
				F6C0F812291BFC9300984457 /* CustomDivider.swift */,
			);
			path = Custom;
			sourceTree = "<group>";
		};
		F6D06251292F567900B825EF /* MainCalendar */ = {
			isa = PBXGroup;
			children = (
				F6D0623D2925ACDA00B825EF /* WeekIndicator.swift */,
				F6C0F820291CCCEA00984457 /* DayOnMonth.swift */,
				F6C2F21D2921F9AD0006BFC7 /* MonthOnYear.swift */,
				F6D0624D292DF0F200B825EF /* WeekOnMonth.swift */,
			);
			path = MainCalendar;
			sourceTree = "<group>";
		};
		F6D06252292F56AD00B825EF /* Goal */ = {
			isa = PBXGroup;
			children = (
				F636CC682923287300879E1F /* RecordButton.swift */,
				F6C2F22129221C410006BFC7 /* GoalOnList.swift */,
			);
			path = Goal;
			sourceTree = "<group>";
		};
		F6D062532930BFBE00B825EF /* Menu */ = {
			isa = PBXGroup;
			children = (
				F6D062542930BFC800B825EF /* MenuOnList.swift */,
			);
			path = Menu;
			sourceTree = "<group>";
		};
/* End PBXGroup section */

/* Begin PBXNativeTarget section */
		F6BEC930290F5894005EAF28 /* Daily */ = {
			isa = PBXNativeTarget;
			buildConfigurationList = F6BEC940290F5895005EAF28 /* Build configuration list for PBXNativeTarget "Daily" */;
			buildPhases = (
				F6BEC92D290F5894005EAF28 /* Sources */,
				F6BEC92E290F5894005EAF28 /* Frameworks */,
				F6BEC92F290F5894005EAF28 /* Resources */,
			);
			buildRules = (
			);
			dependencies = (
			);
			name = Daily;
			productName = Daily;
			productReference = F6BEC931290F5894005EAF28 /* Daily.app */;
			productType = "com.apple.product-type.application";
		};
/* End PBXNativeTarget section */

/* Begin PBXProject section */
		F6BEC929290F5894005EAF28 /* Project object */ = {
			isa = PBXProject;
			attributes = {
				BuildIndependentTargetsInParallel = 1;
				LastSwiftUpdateCheck = 1400;
				LastUpgradeCheck = 1400;
				TargetAttributes = {
					F6BEC930290F5894005EAF28 = {
						CreatedOnToolsVersion = 14.0.1;
					};
				};
			};
			buildConfigurationList = F6BEC92C290F5894005EAF28 /* Build configuration list for PBXProject "Daily" */;
			compatibilityVersion = "Xcode 14.0";
			developmentRegion = en;
			hasScannedForEncodings = 0;
			knownRegions = (
				en,
				Base,
			);
			mainGroup = F6BEC928290F5894005EAF28;
			productRefGroup = F6BEC932290F5894005EAF28 /* Products */;
			projectDirPath = "";
			projectRoot = "";
			targets = (
				F6BEC930290F5894005EAF28 /* Daily */,
			);
		};
/* End PBXProject section */

/* Begin PBXResourcesBuildPhase section */
		F6BEC92F290F5894005EAF28 /* Resources */ = {
			isa = PBXResourcesBuildPhase;
			buildActionMask = 2147483647;
			files = (
				F6BEC93D290F5895005EAF28 /* Preview Assets.xcassets in Resources */,
				F6BEC939290F5895005EAF28 /* Assets.xcassets in Resources */,
			);
			runOnlyForDeploymentPostprocessing = 0;
		};
/* End PBXResourcesBuildPhase section */

/* Begin PBXSourcesBuildPhase section */
		F6BEC92D290F5894005EAF28 /* Sources */ = {
			isa = PBXSourcesBuildPhase;
			buildActionMask = 2147483647;
			files = (
				F6C0F80B291A562300984457 /* MainCalendar.swift in Sources */,
				F6C0F8012919007500984457 /* DateFormatter.swift in Sources */,
				F6C0F819291C873200984457 /* Week.swift in Sources */,
				F6D0623E2925ACDA00B825EF /* WeekIndicator.swift in Sources */,
				F6C0F7FD2917DDFD00984457 /* Calendar_Month.swift in Sources */,
				F6C0F809291A50B300984457 /* ShowMenuButton.swift in Sources */,
				F6D0623829234C2E00B825EF /* PopupInfo.swift in Sources */,
				F6C0F81D291CBC1500984457 /* UserInfo.swift in Sources */,
				F6D06250292E02CA00B825EF /* Popup.swift in Sources */,
				F6D062572930BFFF00B825EF /* Menu.swift in Sources */,
				F6D0624B2927B58B00B825EF /* Times.swift in Sources */,
				F636CC692923287300879E1F /* RecordButton.swift in Sources */,
				F6D062442925B71500B825EF /* GoalDateOrRepeatSetting.swift in Sources */,
				F6D062402925B45100B825EF /* ClosePopupHStack.swift in Sources */,
				F6C0F7F129125AF500984457 /* InitView.swift in Sources */,
				F6C0F7FF2917E91F00984457 /* Calendar_Week&Day.swift in Sources */,
				F6C2F22229221C410006BFC7 /* GoalOnList.swift in Sources */,
				F6C2F2202921FAE70006BFC7 /* Month.swift in Sources */,
				F6D062462925B77A00B825EF /* GoalCountOrTimeSetting.swift in Sources */,
				F6C0F813291BFC9300984457 /* CustomDivider.swift in Sources */,
				F6C0F807291A501400984457 /* MainHeader.swift in Sources */,
				F6C0F80F291A585B00984457 /* Calendar.swift in Sources */,
				F6D0623C2924700C00B825EF /* PopupDim.swift in Sources */,
				F6D06236292346EE00B825EF /* AddGoalPopup.swift in Sources */,
				F6D062422925B6A800B825EF /* GoalPrimeElementSetting.swift in Sources */,
				F6C2F22429221EAC0006BFC7 /* Goal.swift in Sources */,
				F6C0F7F3291682F200984457 /* MainView.swift in Sources */,
				F6D0624E292DF0F200B825EF /* WeekOnMonth.swift in Sources */,
				F6D062552930BFC800B825EF /* MenuOnList.swift in Sources */,
				F6D0623A2923566400B825EF /* RightSideMenu.swift in Sources */,
				F6C0F7FB2917DDB600984457 /* Calendar_Year.swift in Sources */,
				F6C2F21E2921F9AD0006BFC7 /* MonthOnYear.swift in Sources */,
				F6C0F8052919044100984457 /* AddGoalButton.swift in Sources */,
				F6BEC935290F5894005EAF28 /* DailyApp.swift in Sources */,
				F6C0F821291CCCEA00984457 /* DayOnMonth.swift in Sources */,
			);
			runOnlyForDeploymentPostprocessing = 0;
		};
/* End PBXSourcesBuildPhase section */

/* Begin XCBuildConfiguration section */
		F6BEC93E290F5895005EAF28 /* Debug */ = {
			isa = XCBuildConfiguration;
			buildSettings = {
				ALWAYS_SEARCH_USER_PATHS = NO;
				CLANG_ANALYZER_NONNULL = YES;
				CLANG_ANALYZER_NUMBER_OBJECT_CONVERSION = YES_AGGRESSIVE;
				CLANG_CXX_LANGUAGE_STANDARD = "gnu++20";
				CLANG_ENABLE_MODULES = YES;
				CLANG_ENABLE_OBJC_ARC = YES;
				CLANG_ENABLE_OBJC_WEAK = YES;
				CLANG_WARN_BLOCK_CAPTURE_AUTORELEASING = YES;
				CLANG_WARN_BOOL_CONVERSION = YES;
				CLANG_WARN_COMMA = YES;
				CLANG_WARN_CONSTANT_CONVERSION = YES;
				CLANG_WARN_DEPRECATED_OBJC_IMPLEMENTATIONS = YES;
				CLANG_WARN_DIRECT_OBJC_ISA_USAGE = YES_ERROR;
				CLANG_WARN_DOCUMENTATION_COMMENTS = YES;
				CLANG_WARN_EMPTY_BODY = YES;
				CLANG_WARN_ENUM_CONVERSION = YES;
				CLANG_WARN_INFINITE_RECURSION = YES;
				CLANG_WARN_INT_CONVERSION = YES;
				CLANG_WARN_NON_LITERAL_NULL_CONVERSION = YES;
				CLANG_WARN_OBJC_IMPLICIT_RETAIN_SELF = YES;
				CLANG_WARN_OBJC_LITERAL_CONVERSION = YES;
				CLANG_WARN_OBJC_ROOT_CLASS = YES_ERROR;
				CLANG_WARN_QUOTED_INCLUDE_IN_FRAMEWORK_HEADER = YES;
				CLANG_WARN_RANGE_LOOP_ANALYSIS = YES;
				CLANG_WARN_STRICT_PROTOTYPES = YES;
				CLANG_WARN_SUSPICIOUS_MOVE = YES;
				CLANG_WARN_UNGUARDED_AVAILABILITY = YES_AGGRESSIVE;
				CLANG_WARN_UNREACHABLE_CODE = YES;
				CLANG_WARN__DUPLICATE_METHOD_MATCH = YES;
				COPY_PHASE_STRIP = NO;
				DEBUG_INFORMATION_FORMAT = dwarf;
				ENABLE_STRICT_OBJC_MSGSEND = YES;
				ENABLE_TESTABILITY = YES;
				GCC_C_LANGUAGE_STANDARD = gnu11;
				GCC_DYNAMIC_NO_PIC = NO;
				GCC_NO_COMMON_BLOCKS = YES;
				GCC_OPTIMIZATION_LEVEL = 0;
				GCC_PREPROCESSOR_DEFINITIONS = (
					"DEBUG=1",
					"$(inherited)",
				);
				GCC_WARN_64_TO_32_BIT_CONVERSION = YES;
				GCC_WARN_ABOUT_RETURN_TYPE = YES_ERROR;
				GCC_WARN_UNDECLARED_SELECTOR = YES;
				GCC_WARN_UNINITIALIZED_AUTOS = YES_AGGRESSIVE;
				GCC_WARN_UNUSED_FUNCTION = YES;
				GCC_WARN_UNUSED_VARIABLE = YES;
				MTL_ENABLE_DEBUG_INFO = INCLUDE_SOURCE;
				MTL_FAST_MATH = YES;
				ONLY_ACTIVE_ARCH = YES;
				SWIFT_ACTIVE_COMPILATION_CONDITIONS = DEBUG;
				SWIFT_OPTIMIZATION_LEVEL = "-Onone";
			};
			name = Debug;
		};
		F6BEC93F290F5895005EAF28 /* Release */ = {
			isa = XCBuildConfiguration;
			buildSettings = {
				ALWAYS_SEARCH_USER_PATHS = NO;
				CLANG_ANALYZER_NONNULL = YES;
				CLANG_ANALYZER_NUMBER_OBJECT_CONVERSION = YES_AGGRESSIVE;
				CLANG_CXX_LANGUAGE_STANDARD = "gnu++20";
				CLANG_ENABLE_MODULES = YES;
				CLANG_ENABLE_OBJC_ARC = YES;
				CLANG_ENABLE_OBJC_WEAK = YES;
				CLANG_WARN_BLOCK_CAPTURE_AUTORELEASING = YES;
				CLANG_WARN_BOOL_CONVERSION = YES;
				CLANG_WARN_COMMA = YES;
				CLANG_WARN_CONSTANT_CONVERSION = YES;
				CLANG_WARN_DEPRECATED_OBJC_IMPLEMENTATIONS = YES;
				CLANG_WARN_DIRECT_OBJC_ISA_USAGE = YES_ERROR;
				CLANG_WARN_DOCUMENTATION_COMMENTS = YES;
				CLANG_WARN_EMPTY_BODY = YES;
				CLANG_WARN_ENUM_CONVERSION = YES;
				CLANG_WARN_INFINITE_RECURSION = YES;
				CLANG_WARN_INT_CONVERSION = YES;
				CLANG_WARN_NON_LITERAL_NULL_CONVERSION = YES;
				CLANG_WARN_OBJC_IMPLICIT_RETAIN_SELF = YES;
				CLANG_WARN_OBJC_LITERAL_CONVERSION = YES;
				CLANG_WARN_OBJC_ROOT_CLASS = YES_ERROR;
				CLANG_WARN_QUOTED_INCLUDE_IN_FRAMEWORK_HEADER = YES;
				CLANG_WARN_RANGE_LOOP_ANALYSIS = YES;
				CLANG_WARN_STRICT_PROTOTYPES = YES;
				CLANG_WARN_SUSPICIOUS_MOVE = YES;
				CLANG_WARN_UNGUARDED_AVAILABILITY = YES_AGGRESSIVE;
				CLANG_WARN_UNREACHABLE_CODE = YES;
				CLANG_WARN__DUPLICATE_METHOD_MATCH = YES;
				COPY_PHASE_STRIP = NO;
				DEBUG_INFORMATION_FORMAT = "dwarf-with-dsym";
				ENABLE_NS_ASSERTIONS = NO;
				ENABLE_STRICT_OBJC_MSGSEND = YES;
				GCC_C_LANGUAGE_STANDARD = gnu11;
				GCC_NO_COMMON_BLOCKS = YES;
				GCC_WARN_64_TO_32_BIT_CONVERSION = YES;
				GCC_WARN_ABOUT_RETURN_TYPE = YES_ERROR;
				GCC_WARN_UNDECLARED_SELECTOR = YES;
				GCC_WARN_UNINITIALIZED_AUTOS = YES_AGGRESSIVE;
				GCC_WARN_UNUSED_FUNCTION = YES;
				GCC_WARN_UNUSED_VARIABLE = YES;
				MTL_ENABLE_DEBUG_INFO = NO;
				MTL_FAST_MATH = YES;
				SWIFT_COMPILATION_MODE = wholemodule;
				SWIFT_OPTIMIZATION_LEVEL = "-O";
			};
			name = Release;
		};
		F6BEC941290F5895005EAF28 /* Debug */ = {
			isa = XCBuildConfiguration;
			buildSettings = {
				ASSETCATALOG_COMPILER_APPICON_NAME = AppIcon;
				ASSETCATALOG_COMPILER_GLOBAL_ACCENT_COLOR_NAME = AccentColor;
				CODE_SIGN_ENTITLEMENTS = Daily/Daily.entitlements;
				CODE_SIGN_STYLE = Automatic;
				CURRENT_PROJECT_VERSION = 1;
				DEVELOPMENT_ASSET_PATHS = "\"Daily/Preview Content\"";
				DEVELOPMENT_TEAM = R944P2LYKZ;
				ENABLE_HARDENED_RUNTIME = YES;
				ENABLE_PREVIEWS = YES;
				GENERATE_INFOPLIST_FILE = YES;
				"INFOPLIST_KEY_UIApplicationSceneManifest_Generation[sdk=iphoneos*]" = YES;
				"INFOPLIST_KEY_UIApplicationSceneManifest_Generation[sdk=iphonesimulator*]" = YES;
				"INFOPLIST_KEY_UIApplicationSupportsIndirectInputEvents[sdk=iphoneos*]" = YES;
				"INFOPLIST_KEY_UIApplicationSupportsIndirectInputEvents[sdk=iphonesimulator*]" = YES;
				"INFOPLIST_KEY_UILaunchScreen_Generation[sdk=iphoneos*]" = YES;
				"INFOPLIST_KEY_UILaunchScreen_Generation[sdk=iphonesimulator*]" = YES;
				"INFOPLIST_KEY_UIStatusBarStyle[sdk=iphoneos*]" = UIStatusBarStyleDefault;
				"INFOPLIST_KEY_UIStatusBarStyle[sdk=iphonesimulator*]" = UIStatusBarStyleDefault;
				INFOPLIST_KEY_UISupportedInterfaceOrientations_iPad = "UIInterfaceOrientationPortrait UIInterfaceOrientationPortraitUpsideDown UIInterfaceOrientationLandscapeLeft UIInterfaceOrientationLandscapeRight";
				INFOPLIST_KEY_UISupportedInterfaceOrientations_iPhone = "UIInterfaceOrientationPortrait UIInterfaceOrientationLandscapeLeft UIInterfaceOrientationLandscapeRight";
				IPHONEOS_DEPLOYMENT_TARGET = 15.0;
				LD_RUNPATH_SEARCH_PATHS = "@executable_path/Frameworks";
				"LD_RUNPATH_SEARCH_PATHS[sdk=macosx*]" = "@executable_path/../Frameworks";
				MACOSX_DEPLOYMENT_TARGET = 12.3;
				MARKETING_VERSION = 1.0;
				PRODUCT_BUNDLE_IDENTIFIER = com.seungyooooong.Daily;
				PRODUCT_NAME = "$(TARGET_NAME)";
				SDKROOT = auto;
				SUPPORTED_PLATFORMS = "iphoneos iphonesimulator macosx";
				SWIFT_EMIT_LOC_STRINGS = YES;
				SWIFT_VERSION = 5.0;
				TARGETED_DEVICE_FAMILY = "1,2";
			};
			name = Debug;
		};
		F6BEC942290F5895005EAF28 /* Release */ = {
			isa = XCBuildConfiguration;
			buildSettings = {
				ASSETCATALOG_COMPILER_APPICON_NAME = AppIcon;
				ASSETCATALOG_COMPILER_GLOBAL_ACCENT_COLOR_NAME = AccentColor;
				CODE_SIGN_ENTITLEMENTS = Daily/Daily.entitlements;
				CODE_SIGN_STYLE = Automatic;
				CURRENT_PROJECT_VERSION = 1;
				DEVELOPMENT_ASSET_PATHS = "\"Daily/Preview Content\"";
				DEVELOPMENT_TEAM = R944P2LYKZ;
				ENABLE_HARDENED_RUNTIME = YES;
				ENABLE_PREVIEWS = YES;
				GENERATE_INFOPLIST_FILE = YES;
				"INFOPLIST_KEY_UIApplicationSceneManifest_Generation[sdk=iphoneos*]" = YES;
				"INFOPLIST_KEY_UIApplicationSceneManifest_Generation[sdk=iphonesimulator*]" = YES;
				"INFOPLIST_KEY_UIApplicationSupportsIndirectInputEvents[sdk=iphoneos*]" = YES;
				"INFOPLIST_KEY_UIApplicationSupportsIndirectInputEvents[sdk=iphonesimulator*]" = YES;
				"INFOPLIST_KEY_UILaunchScreen_Generation[sdk=iphoneos*]" = YES;
				"INFOPLIST_KEY_UILaunchScreen_Generation[sdk=iphonesimulator*]" = YES;
				"INFOPLIST_KEY_UIStatusBarStyle[sdk=iphoneos*]" = UIStatusBarStyleDefault;
				"INFOPLIST_KEY_UIStatusBarStyle[sdk=iphonesimulator*]" = UIStatusBarStyleDefault;
				INFOPLIST_KEY_UISupportedInterfaceOrientations_iPad = "UIInterfaceOrientationPortrait UIInterfaceOrientationPortraitUpsideDown UIInterfaceOrientationLandscapeLeft UIInterfaceOrientationLandscapeRight";
				INFOPLIST_KEY_UISupportedInterfaceOrientations_iPhone = "UIInterfaceOrientationPortrait UIInterfaceOrientationLandscapeLeft UIInterfaceOrientationLandscapeRight";
				IPHONEOS_DEPLOYMENT_TARGET = 15.0;
				LD_RUNPATH_SEARCH_PATHS = "@executable_path/Frameworks";
				"LD_RUNPATH_SEARCH_PATHS[sdk=macosx*]" = "@executable_path/../Frameworks";
				MACOSX_DEPLOYMENT_TARGET = 12.3;
				MARKETING_VERSION = 1.0;
				PRODUCT_BUNDLE_IDENTIFIER = com.seungyooooong.Daily;
				PRODUCT_NAME = "$(TARGET_NAME)";
				SDKROOT = auto;
				SUPPORTED_PLATFORMS = "iphoneos iphonesimulator macosx";
				SWIFT_EMIT_LOC_STRINGS = YES;
				SWIFT_VERSION = 5.0;
				TARGETED_DEVICE_FAMILY = "1,2";
			};
			name = Release;
		};
/* End XCBuildConfiguration section */

/* Begin XCConfigurationList section */
		F6BEC92C290F5894005EAF28 /* Build configuration list for PBXProject "Daily" */ = {
			isa = XCConfigurationList;
			buildConfigurations = (
				F6BEC93E290F5895005EAF28 /* Debug */,
				F6BEC93F290F5895005EAF28 /* Release */,
			);
			defaultConfigurationIsVisible = 0;
			defaultConfigurationName = Release;
		};
		F6BEC940290F5895005EAF28 /* Build configuration list for PBXNativeTarget "Daily" */ = {
			isa = XCConfigurationList;
			buildConfigurations = (
				F6BEC941290F5895005EAF28 /* Debug */,
				F6BEC942290F5895005EAF28 /* Release */,
			);
			defaultConfigurationIsVisible = 0;
			defaultConfigurationName = Release;
		};
/* End XCConfigurationList section */
	};
	rootObject = F6BEC929290F5894005EAF28 /* Project object */;
}
